
Microsoft Visual Studio Solution File, Format Version 12.00
# Visual Studio Version 16
VisualStudioVersion = 16.0.30523.141
MinimumVisualStudioVersion = 10.0.40219.1
Project("{2150E333-8FDC-42A3-9474-1A3956D46DE8}") = "Desktop Client", "Desktop Client", "{8A007476-4787-4730-BC45-5DA3441CA464}"
EndProject
Project("{2150E333-8FDC-42A3-9474-1A3956D46DE8}") = "Server", "Server", "{32EC1370-79AB-4E5C-912E-21034FD0AB72}"
EndProject
Project("{9A19103F-16F7-4668-BE54-9A1E7A4F7556}") = "FaultTrack.Shell", "Desktop Client\FaultTrack.Shell\FaultTrack.Shell.csproj", "{3E6E1268-DCCA-4FBC-8149-CFBE8B4487A4}"
EndProject
Project("{2150E333-8FDC-42A3-9474-1A3956D46DE8}") = "Tests", "Tests", "{73D7BF30-A19D-4D65-B34C-F2AD5435BD96}"
EndProject
Project("{00D1A9C2-B5F0-4AF3-8072-F6C62B433612}") = "Database", "Server\Database\Database.sqlproj", "{87EBF401-C4C4-4259-875B-40FFEB1CD761}"
EndProject
Project("{9A19103F-16F7-4668-BE54-9A1E7A4F7556}") = "FaultTrack.Web", "FaultTrack.Web\FaultTrack.Web.csproj", "{E46905C1-81BC-40E9-AC6C-F4A91576679D}"
EndProject
Project("{9A19103F-16F7-4668-BE54-9A1E7A4F7556}") = "FaultTrack.Data", "FaultTrack.Data\FaultTrack.Data.csproj", "{6C1334CA-B146-4A46-8796-9546A0C57313}"
EndProject
Project("{9A19103F-16F7-4668-BE54-9A1E7A4F7556}") = "FaultTrack", "FaultTrack\FaultTrack.csproj", "{B52AC02E-042F-4529-87D9-1D62D754F5EC}"
EndProject
Global
	GlobalSection(SolutionConfigurationPlatforms) = preSolution
		Debug|Any CPU = Debug|Any CPU
		Release|Any CPU = Release|Any CPU
	EndGlobalSection
	GlobalSection(ProjectConfigurationPlatforms) = postSolution
		{3E6E1268-DCCA-4FBC-8149-CFBE8B4487A4}.Debug|Any CPU.ActiveCfg = Debug|Any CPU
		{3E6E1268-DCCA-4FBC-8149-CFBE8B4487A4}.Debug|Any CPU.Build.0 = Debug|Any CPU
		{3E6E1268-DCCA-4FBC-8149-CFBE8B4487A4}.Release|Any CPU.ActiveCfg = Release|Any CPU
		{3E6E1268-DCCA-4FBC-8149-CFBE8B4487A4}.Release|Any CPU.Build.0 = Release|Any CPU
		{87EBF401-C4C4-4259-875B-40FFEB1CD761}.Debug|Any CPU.ActiveCfg = Debug|Any CPU
		{87EBF401-C4C4-4259-875B-40FFEB1CD761}.Debug|Any CPU.Build.0 = Debug|Any CPU
		{87EBF401-C4C4-4259-875B-40FFEB1CD761}.Debug|Any CPU.Deploy.0 = Debug|Any CPU
		{87EBF401-C4C4-4259-875B-40FFEB1CD761}.Release|Any CPU.ActiveCfg = Release|Any CPU
		{87EBF401-C4C4-4259-875B-40FFEB1CD761}.Release|Any CPU.Build.0 = Release|Any CPU
		{87EBF401-C4C4-4259-875B-40FFEB1CD761}.Release|Any CPU.Deploy.0 = Release|Any CPU
		{E46905C1-81BC-40E9-AC6C-F4A91576679D}.Debug|Any CPU.ActiveCfg = Debug|Any CPU
		{E46905C1-81BC-40E9-AC6C-F4A91576679D}.Debug|Any CPU.Build.0 = Debug|Any CPU
		{E46905C1-81BC-40E9-AC6C-F4A91576679D}.Release|Any CPU.ActiveCfg = Release|Any CPU
		{E46905C1-81BC-40E9-AC6C-F4A91576679D}.Release|Any CPU.Build.0 = Release|Any CPU
		{6C1334CA-B146-4A46-8796-9546A0C57313}.Debug|Any CPU.ActiveCfg = Debug|Any CPU
		{6C1334CA-B146-4A46-8796-9546A0C57313}.Debug|Any CPU.Build.0 = Debug|Any CPU
		{6C1334CA-B146-4A46-8796-9546A0C57313}.Release|Any CPU.ActiveCfg = Release|Any CPU
		{6C1334CA-B146-4A46-8796-9546A0C57313}.Release|Any CPU.Build.0 = Release|Any CPU
		{B52AC02E-042F-4529-87D9-1D62D754F5EC}.Debug|Any CPU.ActiveCfg = Debug|Any CPU
		{B52AC02E-042F-4529-87D9-1D62D754F5EC}.Debug|Any CPU.Build.0 = Debug|Any CPU
		{B52AC02E-042F-4529-87D9-1D62D754F5EC}.Release|Any CPU.ActiveCfg = Release|Any CPU
		{B52AC02E-042F-4529-87D9-1D62D754F5EC}.Release|Any CPU.Build.0 = Release|Any CPU
	EndGlobalSection
	GlobalSection(SolutionProperties) = preSolution
		HideSolutionNode = FALSE
	EndGlobalSection
	GlobalSection(NestedProjects) = preSolution
		{3E6E1268-DCCA-4FBC-8149-CFBE8B4487A4} = {8A007476-4787-4730-BC45-5DA3441CA464}
		{87EBF401-C4C4-4259-875B-40FFEB1CD761} = {32EC1370-79AB-4E5C-912E-21034FD0AB72}
		{E46905C1-81BC-40E9-AC6C-F4A91576679D} = {32EC1370-79AB-4E5C-912E-21034FD0AB72}
		{6C1334CA-B146-4A46-8796-9546A0C57313} = {32EC1370-79AB-4E5C-912E-21034FD0AB72}
		{B52AC02E-042F-4529-87D9-1D62D754F5EC} = {8A007476-4787-4730-BC45-5DA3441CA464}
	EndGlobalSection
	GlobalSection(ExtensibilityGlobals) = postSolution
		SolutionGuid = {A53CF751-A328-4802-B18F-484D7E1EDF17}
	EndGlobalSection
EndGlobal
