
Microsoft Visual Studio Solution File, Format Version 12.00
# Visual Studio Version 16
VisualStudioVersion = 16.0.30523.141
MinimumVisualStudioVersion = 10.0.40219.1
Project("{2150E333-8FDC-42A3-9474-1A3956D46DE8}") = "Solution Items", "Solution Items", "{EC063791-1014-4F68-9263-ED01F20E3CD3}"
	ProjectSection(SolutionItems) = preProject
		DDD.dgml = DDD.dgml
		GlobalAssemblyInfo.cs = GlobalAssemblyInfo.cs
	EndProjectSection
EndProject
Project("{2150E333-8FDC-42A3-9474-1A3956D46DE8}") = "Desktop Client", "Desktop Client", "{8A007476-4787-4730-BC45-5DA3441CA464}"
EndProject
Project("{2150E333-8FDC-42A3-9474-1A3956D46DE8}") = "Server", "Server", "{32EC1370-79AB-4E5C-912E-21034FD0AB72}"
EndProject
Project("{2150E333-8FDC-42A3-9474-1A3956D46DE8}") = "Packages", "Packages", "{F6295BC0-A73D-4B12-A183-C586F3CA00A8}"
EndProject
Project("{2150E333-8FDC-42A3-9474-1A3956D46DE8}") = "Project Explorer", "Project Explorer", "{4F8F6F00-F518-4F78-AF22-E910E787C1C8}"
EndProject
Project("{FAE04EC0-301F-11D3-BF4B-00C04F79EFBC}") = "FaultTrack.Windows.ProjectExplorer", "Desktop Client\Packages\Project Explorer\FaultTrack.Windows.ProjectExplorer\FaultTrack.Windows.ProjectExplorer.csproj", "{C35BF886-B703-49E8-9753-7BC79F20365F}"
EndProject
Project("{FAE04EC0-301F-11D3-BF4B-00C04F79EFBC}") = "FaultTrack", "Desktop Client\FaultTrack\FaultTrack.csproj", "{50C91AFE-5D77-4FF9-980A-E674C08F8FB1}"
	ProjectSection(ProjectDependencies) = postProject
		{C35BF886-B703-49E8-9753-7BC79F20365F} = {C35BF886-B703-49E8-9753-7BC79F20365F}
		{560CB9A5-B3C6-4748-A7E4-081130CF9A1E} = {560CB9A5-B3C6-4748-A7E4-081130CF9A1E}
	EndProjectSection
EndProject
Project("{FAE04EC0-301F-11D3-BF4B-00C04F79EFBC}") = "FaultTrack.Shell", "Desktop Client\FaultTrack.Shell\FaultTrack.Shell.csproj", "{3E6E1268-DCCA-4FBC-8149-CFBE8B4487A4}"
EndProject
Project("{FAE04EC0-301F-11D3-BF4B-00C04F79EFBC}") = "FaultTrack.Windows", "Desktop Client\FaultTrack.Windows\FaultTrack.Windows.csproj", "{F7915FFE-46F4-4C6F-8D14-99A7A648352E}"
EndProject
Project("{FAE04EC0-301F-11D3-BF4B-00C04F79EFBC}") = "FaultTrack.Data", "Server\FaultTrack.Data\FaultTrack.Data.csproj", "{2A08395B-1BF1-4D86-93A1-D5438761CFFB}"
EndProject
Project("{2150E333-8FDC-42A3-9474-1A3956D46DE8}") = "Tests", "Tests", "{73D7BF30-A19D-4D65-B34C-F2AD5435BD96}"
EndProject
Project("{FAE04EC0-301F-11D3-BF4B-00C04F79EFBC}") = "FaultTrack.Shell.Tests", "..\Tests\FaultTrack.Shell.Tests\FaultTrack.Shell.Tests.csproj", "{0B00C78B-C678-42DB-AE3E-AF2FAAD5CA25}"
EndProject
Project("{FAE04EC0-301F-11D3-BF4B-00C04F79EFBC}") = "FaultTrack.Data.Tests", "..\Tests\FaultTrack.Data.Tests\FaultTrack.Data.Tests.csproj", "{4219CBFE-4BE4-4BFF-8C6D-D684739D73AF}"
	ProjectSection(ProjectDependencies) = postProject
		{84E00622-DA87-4822-9318-1BCC8C99570F} = {84E00622-DA87-4822-9318-1BCC8C99570F}
	EndProjectSection
EndProject
Project("{FAE04EC0-301F-11D3-BF4B-00C04F79EFBC}") = "TestFramework", "..\Tests\TestFramework\TestFramework.csproj", "{84E00622-DA87-4822-9318-1BCC8C99570F}"
EndProject
Project("{FAE04EC0-301F-11D3-BF4B-00C04F79EFBC}") = "FaultTrack.Windows.ProjectExplorer.Tests", "Desktop Client\Packages\Project Explorer\FaultTrack.Windows.ProjectExplorer.Tests\FaultTrack.Windows.ProjectExplorer.Tests.csproj", "{9880AF93-C988-43EF-95A9-FEF9C351AB34}"
EndProject
Project("{FAE04EC0-301F-11D3-BF4B-00C04F79EFBC}") = "FaultTrack.Web.Api", "Server\FaultTrack.Web.Api\FaultTrack.Web.Api.csproj", "{950024F0-F430-4317-938C-214B687EB1A3}"
EndProject
Project("{FAE04EC0-301F-11D3-BF4B-00C04F79EFBC}") = "FaultTrack.Web", "Server\FaultTrack.Web\FaultTrack.Web.csproj", "{86F7E65D-68F6-4582-99E2-E189ABBCAFB4}"
EndProject
Project("{00D1A9C2-B5F0-4AF3-8072-F6C62B433612}") = "Database", "Server\Database\Database.sqlproj", "{87EBF401-C4C4-4259-875B-40FFEB1CD761}"
EndProject
Project("{FAE04EC0-301F-11D3-BF4B-00C04F79EFBC}") = "FaultTrack.Business", "Server\FaultTrack.Business\FaultTrack.Business.csproj", "{1C5C8A28-01B9-4453-AE13-55907D629911}"
EndProject
Project("{FAE04EC0-301F-11D3-BF4B-00C04F79EFBC}") = "FaultTrack.Business.Tests", "..\Tests\FaultTrack.Business.Tests\FaultTrack.Business.Tests.csproj", "{1D57F060-B768-40E8-87F1-18E06CC8A251}"
EndProject
Project("{2150E333-8FDC-42A3-9474-1A3956D46DE8}") = "Shared", "Shared", "{7F6FD1EB-446D-4BE4-9855-E7694B45657C}"
EndProject
Project("{FAE04EC0-301F-11D3-BF4B-00C04F79EFBC}") = "FaultTrack.Tests", "..\Tests\FaultTrack.Tests\FaultTrack.Tests.csproj", "{75D3B7DB-B73F-43DF-91B4-B12D61D8D891}"
EndProject
Project("{FAE04EC0-301F-11D3-BF4B-00C04F79EFBC}") = "FaultTrack.Web.Api.Tests", "..\Tests\FaultTrack.Web.Api.Tests\FaultTrack.Web.Api.Tests.csproj", "{1AA2D2F6-4968-4F36-ABAD-E7298202E930}"
EndProject
Project("{FAE04EC0-301F-11D3-BF4B-00C04F79EFBC}") = "FaultTrack.Windows.Tests", "..\Tests\FaultTrack.Windows.Tests\FaultTrack.Windows.Tests.csproj", "{57BBFD61-4152-4E30-A461-4BD8F79C4E7E}"
EndProject
Project("{2150E333-8FDC-42A3-9474-1A3956D46DE8}") = "Solution Explorer", "Solution Explorer", "{4F3DD9A0-FDC7-4537-9E46-8034733E59CA}"
EndProject
Project("{FAE04EC0-301F-11D3-BF4B-00C04F79EFBC}") = "FaultTrack.Windows.SolutionExplorer", "FaultTrack.Windows.SolutionExplorer\FaultTrack.Windows.SolutionExplorer.csproj", "{560CB9A5-B3C6-4748-A7E4-081130CF9A1E}"
EndProject
Global
	GlobalSection(SolutionConfigurationPlatforms) = preSolution
		Debug|Any CPU = Debug|Any CPU
		Release|Any CPU = Release|Any CPU
	EndGlobalSection
	GlobalSection(ProjectConfigurationPlatforms) = postSolution
		{C35BF886-B703-49E8-9753-7BC79F20365F}.Debug|Any CPU.ActiveCfg = Debug|Any CPU
		{C35BF886-B703-49E8-9753-7BC79F20365F}.Debug|Any CPU.Build.0 = Debug|Any CPU
		{C35BF886-B703-49E8-9753-7BC79F20365F}.Release|Any CPU.ActiveCfg = Release|Any CPU
		{C35BF886-B703-49E8-9753-7BC79F20365F}.Release|Any CPU.Build.0 = Release|Any CPU
		{50C91AFE-5D77-4FF9-980A-E674C08F8FB1}.Debug|Any CPU.ActiveCfg = Debug|Any CPU
		{50C91AFE-5D77-4FF9-980A-E674C08F8FB1}.Debug|Any CPU.Build.0 = Debug|Any CPU
		{50C91AFE-5D77-4FF9-980A-E674C08F8FB1}.Release|Any CPU.ActiveCfg = Release|Any CPU
		{50C91AFE-5D77-4FF9-980A-E674C08F8FB1}.Release|Any CPU.Build.0 = Release|Any CPU
		{3E6E1268-DCCA-4FBC-8149-CFBE8B4487A4}.Debug|Any CPU.ActiveCfg = Debug|Any CPU
		{3E6E1268-DCCA-4FBC-8149-CFBE8B4487A4}.Debug|Any CPU.Build.0 = Debug|Any CPU
		{3E6E1268-DCCA-4FBC-8149-CFBE8B4487A4}.Release|Any CPU.ActiveCfg = Release|Any CPU
		{3E6E1268-DCCA-4FBC-8149-CFBE8B4487A4}.Release|Any CPU.Build.0 = Release|Any CPU
		{F7915FFE-46F4-4C6F-8D14-99A7A648352E}.Debug|Any CPU.ActiveCfg = Debug|Any CPU
		{F7915FFE-46F4-4C6F-8D14-99A7A648352E}.Debug|Any CPU.Build.0 = Debug|Any CPU
		{F7915FFE-46F4-4C6F-8D14-99A7A648352E}.Release|Any CPU.ActiveCfg = Release|Any CPU
		{F7915FFE-46F4-4C6F-8D14-99A7A648352E}.Release|Any CPU.Build.0 = Release|Any CPU
		{2A08395B-1BF1-4D86-93A1-D5438761CFFB}.Debug|Any CPU.ActiveCfg = Debug|Any CPU
		{2A08395B-1BF1-4D86-93A1-D5438761CFFB}.Debug|Any CPU.Build.0 = Debug|Any CPU
		{2A08395B-1BF1-4D86-93A1-D5438761CFFB}.Release|Any CPU.ActiveCfg = Release|Any CPU
		{2A08395B-1BF1-4D86-93A1-D5438761CFFB}.Release|Any CPU.Build.0 = Release|Any CPU
		{0B00C78B-C678-42DB-AE3E-AF2FAAD5CA25}.Debug|Any CPU.ActiveCfg = Debug|Any CPU
		{0B00C78B-C678-42DB-AE3E-AF2FAAD5CA25}.Debug|Any CPU.Build.0 = Debug|Any CPU
		{0B00C78B-C678-42DB-AE3E-AF2FAAD5CA25}.Release|Any CPU.ActiveCfg = Release|Any CPU
		{0B00C78B-C678-42DB-AE3E-AF2FAAD5CA25}.Release|Any CPU.Build.0 = Release|Any CPU
		{4219CBFE-4BE4-4BFF-8C6D-D684739D73AF}.Debug|Any CPU.ActiveCfg = Debug|Any CPU
		{4219CBFE-4BE4-4BFF-8C6D-D684739D73AF}.Debug|Any CPU.Build.0 = Debug|Any CPU
		{4219CBFE-4BE4-4BFF-8C6D-D684739D73AF}.Release|Any CPU.ActiveCfg = Release|Any CPU
		{4219CBFE-4BE4-4BFF-8C6D-D684739D73AF}.Release|Any CPU.Build.0 = Release|Any CPU
		{84E00622-DA87-4822-9318-1BCC8C99570F}.Debug|Any CPU.ActiveCfg = Debug|Any CPU
		{84E00622-DA87-4822-9318-1BCC8C99570F}.Debug|Any CPU.Build.0 = Debug|Any CPU
		{84E00622-DA87-4822-9318-1BCC8C99570F}.Release|Any CPU.ActiveCfg = Release|Any CPU
		{84E00622-DA87-4822-9318-1BCC8C99570F}.Release|Any CPU.Build.0 = Release|Any CPU
		{9880AF93-C988-43EF-95A9-FEF9C351AB34}.Debug|Any CPU.ActiveCfg = Debug|Any CPU
		{9880AF93-C988-43EF-95A9-FEF9C351AB34}.Debug|Any CPU.Build.0 = Debug|Any CPU
		{9880AF93-C988-43EF-95A9-FEF9C351AB34}.Release|Any CPU.ActiveCfg = Release|Any CPU
		{9880AF93-C988-43EF-95A9-FEF9C351AB34}.Release|Any CPU.Build.0 = Release|Any CPU
		{950024F0-F430-4317-938C-214B687EB1A3}.Debug|Any CPU.ActiveCfg = Debug|Any CPU
		{950024F0-F430-4317-938C-214B687EB1A3}.Debug|Any CPU.Build.0 = Debug|Any CPU
		{950024F0-F430-4317-938C-214B687EB1A3}.Release|Any CPU.ActiveCfg = Release|Any CPU
		{950024F0-F430-4317-938C-214B687EB1A3}.Release|Any CPU.Build.0 = Release|Any CPU
		{86F7E65D-68F6-4582-99E2-E189ABBCAFB4}.Debug|Any CPU.ActiveCfg = Debug|Any CPU
		{86F7E65D-68F6-4582-99E2-E189ABBCAFB4}.Debug|Any CPU.Build.0 = Debug|Any CPU
		{86F7E65D-68F6-4582-99E2-E189ABBCAFB4}.Release|Any CPU.ActiveCfg = Release|Any CPU
		{86F7E65D-68F6-4582-99E2-E189ABBCAFB4}.Release|Any CPU.Build.0 = Release|Any CPU
		{87EBF401-C4C4-4259-875B-40FFEB1CD761}.Debug|Any CPU.ActiveCfg = Debug|Any CPU
		{87EBF401-C4C4-4259-875B-40FFEB1CD761}.Debug|Any CPU.Build.0 = Debug|Any CPU
		{87EBF401-C4C4-4259-875B-40FFEB1CD761}.Debug|Any CPU.Deploy.0 = Debug|Any CPU
		{87EBF401-C4C4-4259-875B-40FFEB1CD761}.Release|Any CPU.ActiveCfg = Release|Any CPU
		{87EBF401-C4C4-4259-875B-40FFEB1CD761}.Release|Any CPU.Build.0 = Release|Any CPU
		{87EBF401-C4C4-4259-875B-40FFEB1CD761}.Release|Any CPU.Deploy.0 = Release|Any CPU
		{1C5C8A28-01B9-4453-AE13-55907D629911}.Debug|Any CPU.ActiveCfg = Debug|Any CPU
		{1C5C8A28-01B9-4453-AE13-55907D629911}.Debug|Any CPU.Build.0 = Debug|Any CPU
		{1C5C8A28-01B9-4453-AE13-55907D629911}.Release|Any CPU.ActiveCfg = Release|Any CPU
		{1C5C8A28-01B9-4453-AE13-55907D629911}.Release|Any CPU.Build.0 = Release|Any CPU
		{1D57F060-B768-40E8-87F1-18E06CC8A251}.Debug|Any CPU.ActiveCfg = Debug|Any CPU
		{1D57F060-B768-40E8-87F1-18E06CC8A251}.Debug|Any CPU.Build.0 = Debug|Any CPU
		{1D57F060-B768-40E8-87F1-18E06CC8A251}.Release|Any CPU.ActiveCfg = Release|Any CPU
		{1D57F060-B768-40E8-87F1-18E06CC8A251}.Release|Any CPU.Build.0 = Release|Any CPU
		{75D3B7DB-B73F-43DF-91B4-B12D61D8D891}.Debug|Any CPU.ActiveCfg = Debug|Any CPU
		{75D3B7DB-B73F-43DF-91B4-B12D61D8D891}.Debug|Any CPU.Build.0 = Debug|Any CPU
		{75D3B7DB-B73F-43DF-91B4-B12D61D8D891}.Release|Any CPU.ActiveCfg = Release|Any CPU
		{75D3B7DB-B73F-43DF-91B4-B12D61D8D891}.Release|Any CPU.Build.0 = Release|Any CPU
		{1AA2D2F6-4968-4F36-ABAD-E7298202E930}.Debug|Any CPU.ActiveCfg = Debug|Any CPU
		{1AA2D2F6-4968-4F36-ABAD-E7298202E930}.Debug|Any CPU.Build.0 = Debug|Any CPU
		{1AA2D2F6-4968-4F36-ABAD-E7298202E930}.Release|Any CPU.ActiveCfg = Release|Any CPU
		{1AA2D2F6-4968-4F36-ABAD-E7298202E930}.Release|Any CPU.Build.0 = Release|Any CPU
		{57BBFD61-4152-4E30-A461-4BD8F79C4E7E}.Debug|Any CPU.ActiveCfg = Debug|Any CPU
		{57BBFD61-4152-4E30-A461-4BD8F79C4E7E}.Debug|Any CPU.Build.0 = Debug|Any CPU
		{57BBFD61-4152-4E30-A461-4BD8F79C4E7E}.Release|Any CPU.ActiveCfg = Release|Any CPU
		{57BBFD61-4152-4E30-A461-4BD8F79C4E7E}.Release|Any CPU.Build.0 = Release|Any CPU
		{560CB9A5-B3C6-4748-A7E4-081130CF9A1E}.Debug|Any CPU.ActiveCfg = Debug|Any CPU
		{560CB9A5-B3C6-4748-A7E4-081130CF9A1E}.Debug|Any CPU.Build.0 = Debug|Any CPU
		{560CB9A5-B3C6-4748-A7E4-081130CF9A1E}.Release|Any CPU.ActiveCfg = Release|Any CPU
		{560CB9A5-B3C6-4748-A7E4-081130CF9A1E}.Release|Any CPU.Build.0 = Release|Any CPU
	EndGlobalSection
	GlobalSection(SolutionProperties) = preSolution
		HideSolutionNode = FALSE
	EndGlobalSection
	GlobalSection(NestedProjects) = preSolution
		{F6295BC0-A73D-4B12-A183-C586F3CA00A8} = {8A007476-4787-4730-BC45-5DA3441CA464}
		{4F8F6F00-F518-4F78-AF22-E910E787C1C8} = {F6295BC0-A73D-4B12-A183-C586F3CA00A8}
		{C35BF886-B703-49E8-9753-7BC79F20365F} = {4F8F6F00-F518-4F78-AF22-E910E787C1C8}
		{50C91AFE-5D77-4FF9-980A-E674C08F8FB1} = {8A007476-4787-4730-BC45-5DA3441CA464}
		{3E6E1268-DCCA-4FBC-8149-CFBE8B4487A4} = {8A007476-4787-4730-BC45-5DA3441CA464}
		{F7915FFE-46F4-4C6F-8D14-99A7A648352E} = {8A007476-4787-4730-BC45-5DA3441CA464}
		{2A08395B-1BF1-4D86-93A1-D5438761CFFB} = {32EC1370-79AB-4E5C-912E-21034FD0AB72}
		{0B00C78B-C678-42DB-AE3E-AF2FAAD5CA25} = {73D7BF30-A19D-4D65-B34C-F2AD5435BD96}
		{4219CBFE-4BE4-4BFF-8C6D-D684739D73AF} = {73D7BF30-A19D-4D65-B34C-F2AD5435BD96}
		{84E00622-DA87-4822-9318-1BCC8C99570F} = {73D7BF30-A19D-4D65-B34C-F2AD5435BD96}
		{9880AF93-C988-43EF-95A9-FEF9C351AB34} = {73D7BF30-A19D-4D65-B34C-F2AD5435BD96}
		{950024F0-F430-4317-938C-214B687EB1A3} = {32EC1370-79AB-4E5C-912E-21034FD0AB72}
		{86F7E65D-68F6-4582-99E2-E189ABBCAFB4} = {32EC1370-79AB-4E5C-912E-21034FD0AB72}
		{87EBF401-C4C4-4259-875B-40FFEB1CD761} = {32EC1370-79AB-4E5C-912E-21034FD0AB72}
		{1C5C8A28-01B9-4453-AE13-55907D629911} = {32EC1370-79AB-4E5C-912E-21034FD0AB72}
		{1D57F060-B768-40E8-87F1-18E06CC8A251} = {73D7BF30-A19D-4D65-B34C-F2AD5435BD96}
		{75D3B7DB-B73F-43DF-91B4-B12D61D8D891} = {73D7BF30-A19D-4D65-B34C-F2AD5435BD96}
		{1AA2D2F6-4968-4F36-ABAD-E7298202E930} = {73D7BF30-A19D-4D65-B34C-F2AD5435BD96}
		{57BBFD61-4152-4E30-A461-4BD8F79C4E7E} = {73D7BF30-A19D-4D65-B34C-F2AD5435BD96}
		{4F3DD9A0-FDC7-4537-9E46-8034733E59CA} = {F6295BC0-A73D-4B12-A183-C586F3CA00A8}
		{560CB9A5-B3C6-4748-A7E4-081130CF9A1E} = {4F3DD9A0-FDC7-4537-9E46-8034733E59CA}
	EndGlobalSection
	GlobalSection(ExtensibilityGlobals) = postSolution
		SolutionGuid = {A53CF751-A328-4802-B18F-484D7E1EDF17}
	EndGlobalSection
EndGlobal
